<?xml version="1.0" encoding="utf-8"?>
<Project ToolsVersion="4.0" xmlns="http://schemas.microsoft.com/developer/msbuild/2003">
  <ItemGroup>
    <Filter Include="Source Files">
      <UniqueIdentifier>{ef17c262-c7b1-44a6-bddd-00d6d0216910}</UniqueIdentifier>
      <Extensions>cpp;c;cxx;def;odl;idl;hpj;bat;asm</Extensions>
    </Filter>
    <Filter Include="Header Files">
      <UniqueIdentifier>{f1a9cd82-421d-4886-82c4-9cb0f520a022}</UniqueIdentifier>
      <Extensions>h;hpp;hxx;hm;inl;inc</Extensions>
    </Filter>
    <Filter Include="Resource Files">
      <UniqueIdentifier>{cdf4ce55-d1a9-4845-8535-18c24fb4eab5}</UniqueIdentifier>
      <Extensions>rc;ico;cur;bmp;dlg;rc2;rct;bin;rgs;jpg;jpeg;jpe;manifest</Extensions>
    </Filter>
  </ItemGroup>
  <ItemGroup>
    <ClCompile Include="ClientDialog.cpp">
      <Filter>Source Files</Filter>
    </ClCompile>
    <ClCompile Include="ServerDialog.cpp">
      <Filter>Source Files</Filter>
    </ClCompile>
    <ClCompile Include="stdafx.cpp">
      <Filter>Source Files</Filter>
    </ClCompile>
    <ClCompile Include="TCP_Demonstrator.cpp">
      <Filter>Source Files</Filter>
    </ClCompile>
    <ClCompile Include="TCP_DemonstratorDlg.cpp">
      <Filter>Source Files</Filter>
    </ClCompile>
    <ClCompile Include="RegisterDialog.cpp">
      <Filter>Source Files</Filter>
    </ClCompile>
  </ItemGroup>
  <ItemGroup>
    <ClInclude Include="ClientDialog.h">
      <Filter>Header Files</Filter>
    </ClInclude>
    <ClInclude Include="Resource.h">
      <Filter>Header Files</Filter>
    </ClInclude>
    <ClInclude Include="ServerDialog.h">
      <Filter>Header Files</Filter>
    </ClInclude>
    <ClInclude Include="stdafx.h">
      <Filter>Header Files</Filter>
    </ClInclude>
    <ClInclude Include="TCP_Demonstator_General.h">
      <Filter>Header Files</Filter>
    </ClInclude>
    <ClInclude Include="TCP_Demonstrator.h">
      <Filter>Header Files</Filter>
    </ClInclude>
    <ClInclude Include="TCP_DemonstratorDlg.h">
      <Filter>Header Files</Filter>
    </ClInclude>
    <ClInclude Include="RegisterDialog.h">
      <Filter>Header Files</Filter>
    </ClInclude>
  </ItemGroup>
  <ItemGroup>
    <None Include="res\TCP_Demonstrator.ico">
      <Filter>Resource Files</Filter>
    </None>
    <None Include="res\TCP_Demonstrator.rc2">
      <Filter>Resource Files</Filter>
    </None>
  </ItemGroup>
  <ItemGroup>
    <ResourceCompile Include="TCP_Demonstrator.rc">
      <Filter>Resource Files</Filter>
    </ResourceCompile>
  </ItemGroup>
  <ItemGroup>
    <CustomBuildStep Include="res\TCP_Demonstrator.manifest">
      <Filter>Resource Files</Filter>
    </CustomBuildStep>
  </ItemGroup>
  <ItemGroup>
    <Image Include="..\title.png" />
    <Image Include="..\title.bmp">
      <Filter>Resource Files</Filter>
    </Image>
    <Image Include="..\title1.bmp">
      <Filter>Resource Files</Filter>
    </Image>
    <Image Include="\\storage-stud\user-area\3\me324\COMP1564_System_Programming\kotklogo.bmp">
      <Filter>Resource Files</Filter>
    </Image>
    <Image Include="\\storage-stud\user-area\3\me324\COMP1564_System_Programming\title.bmp">
      <Filter>Resource Files</Filter>
    </Image>
  </ItemGroup>
</Project>